// !$*UTF8*$!
{
	archiveVersion = 1;
	classes = {
	};
	objectVersion = 46;
	objects = {

/* Begin PBXBuildFile section */
		B91006391F4D9477009F7EB5 /* PTAppDelegate.swift in Sources */ = {isa = PBXBuildFile; fileRef = B91006381F4D9477009F7EB5 /* PTAppDelegate.swift */; };
		B91006401F4D9478009F7EB5 /* Assets.xcassets in Resources */ = {isa = PBXBuildFile; fileRef = B910063F1F4D9478009F7EB5 /* Assets.xcassets */; };
		B91006431F4D9478009F7EB5 /* LaunchScreen.storyboard in Resources */ = {isa = PBXBuildFile; fileRef = B91006411F4D9478009F7EB5 /* LaunchScreen.storyboard */; };
		B91006501F4D9563009F7EB5 /* PTRequestApiManager.swift in Sources */ = {isa = PBXBuildFile; fileRef = B910064F1F4D9563009F7EB5 /* PTRequestApiManager.swift */; };
		B91006521F4D9595009F7EB5 /* PTUserData.swift in Sources */ = {isa = PBXBuildFile; fileRef = B91006511F4D9595009F7EB5 /* PTUserData.swift */; };
		B91006541F4D95C7009F7EB5 /* PTRSSFeedData.swift in Sources */ = {isa = PBXBuildFile; fileRef = B91006531F4D95C7009F7EB5 /* PTRSSFeedData.swift */; };
		B91006571F4DA7CE009F7EB5 /* PTLoginViewController.swift in Sources */ = {isa = PBXBuildFile; fileRef = B91006551F4DA7CE009F7EB5 /* PTLoginViewController.swift */; };
		B91006581F4DA7CE009F7EB5 /* PTLoginViewController.xib in Resources */ = {isa = PBXBuildFile; fileRef = B91006561F4DA7CE009F7EB5 /* PTLoginViewController.xib */; };
		B93DD1E51F4EDF5E0003A676 /* PTRSSDataManager.swift in Sources */ = {isa = PBXBuildFile; fileRef = B93DD1E41F4EDF5E0003A676 /* PTRSSDataManager.swift */; };
		B93DD1E91F4F0AAE0003A676 /* PTRSSFeedBaseViewController.swift in Sources */ = {isa = PBXBuildFile; fileRef = B93DD1E81F4F0AAE0003A676 /* PTRSSFeedBaseViewController.swift */; };
		B93DD1EC1F4F0AD60003A676 /* PTRSSFeedViewController.swift in Sources */ = {isa = PBXBuildFile; fileRef = B93DD1EA1F4F0AD60003A676 /* PTRSSFeedViewController.swift */; };
		B93DD1ED1F4F0AD60003A676 /* PTRSSFeedViewController.xib in Resources */ = {isa = PBXBuildFile; fileRef = B93DD1EB1F4F0AD60003A676 /* PTRSSFeedViewController.xib */; };
		B93DD1F01F4F0AED0003A676 /* PTRSSFeedDetailViewController.swift in Sources */ = {isa = PBXBuildFile; fileRef = B93DD1EE1F4F0AED0003A676 /* PTRSSFeedDetailViewController.swift */; };
		B93DD1F11F4F0AED0003A676 /* PTRSSFeedDetailViewController.xib in Resources */ = {isa = PBXBuildFile; fileRef = B93DD1EF1F4F0AED0003A676 /* PTRSSFeedDetailViewController.xib */; };
/* End PBXBuildFile section */

/* Begin PBXFileReference section */
		B91006351F4D9477009F7EB5 /* ProgressTask.app */ = {isa = PBXFileReference; explicitFileType = wrapper.application; includeInIndex = 0; path = ProgressTask.app; sourceTree = BUILT_PRODUCTS_DIR; };
		B91006381F4D9477009F7EB5 /* PTAppDelegate.swift */ = {isa = PBXFileReference; lastKnownFileType = sourcecode.swift; path = PTAppDelegate.swift; sourceTree = "<group>"; };
		B910063F1F4D9478009F7EB5 /* Assets.xcassets */ = {isa = PBXFileReference; lastKnownFileType = folder.assetcatalog; path = Assets.xcassets; sourceTree = "<group>"; };
		B91006421F4D9478009F7EB5 /* Base */ = {isa = PBXFileReference; lastKnownFileType = file.storyboard; name = Base; path = Base.lproj/LaunchScreen.storyboard; sourceTree = "<group>"; };
		B91006441F4D9478009F7EB5 /* Info.plist */ = {isa = PBXFileReference; lastKnownFileType = text.plist.xml; path = Info.plist; sourceTree = "<group>"; };
		B910064F1F4D9563009F7EB5 /* PTRequestApiManager.swift */ = {isa = PBXFileReference; fileEncoding = 4; lastKnownFileType = sourcecode.swift; path = PTRequestApiManager.swift; sourceTree = "<group>"; };
		B91006511F4D9595009F7EB5 /* PTUserData.swift */ = {isa = PBXFileReference; fileEncoding = 4; lastKnownFileType = sourcecode.swift; path = PTUserData.swift; sourceTree = "<group>"; };
		B91006531F4D95C7009F7EB5 /* PTRSSFeedData.swift */ = {isa = PBXFileReference; fileEncoding = 4; lastKnownFileType = sourcecode.swift; path = PTRSSFeedData.swift; sourceTree = "<group>"; };
		B91006551F4DA7CE009F7EB5 /* PTLoginViewController.swift */ = {isa = PBXFileReference; fileEncoding = 4; lastKnownFileType = sourcecode.swift; path = PTLoginViewController.swift; sourceTree = "<group>"; };
		B91006561F4DA7CE009F7EB5 /* PTLoginViewController.xib */ = {isa = PBXFileReference; fileEncoding = 4; lastKnownFileType = file.xib; path = PTLoginViewController.xib; sourceTree = "<group>"; };
		B93DD1E41F4EDF5E0003A676 /* PTRSSDataManager.swift */ = {isa = PBXFileReference; fileEncoding = 4; lastKnownFileType = sourcecode.swift; path = PTRSSDataManager.swift; sourceTree = "<group>"; };
		B93DD1E81F4F0AAE0003A676 /* PTRSSFeedBaseViewController.swift */ = {isa = PBXFileReference; fileEncoding = 4; lastKnownFileType = sourcecode.swift; path = PTRSSFeedBaseViewController.swift; sourceTree = "<group>"; };
		B93DD1EA1F4F0AD60003A676 /* PTRSSFeedViewController.swift */ = {isa = PBXFileReference; fileEncoding = 4; lastKnownFileType = sourcecode.swift; path = PTRSSFeedViewController.swift; sourceTree = "<group>"; };
		B93DD1EB1F4F0AD60003A676 /* PTRSSFeedViewController.xib */ = {isa = PBXFileReference; fileEncoding = 4; lastKnownFileType = file.xib; path = PTRSSFeedViewController.xib; sourceTree = "<group>"; };
		B93DD1EE1F4F0AED0003A676 /* PTRSSFeedDetailViewController.swift */ = {isa = PBXFileReference; fileEncoding = 4; lastKnownFileType = sourcecode.swift; path = PTRSSFeedDetailViewController.swift; sourceTree = "<group>"; };
		B93DD1EF1F4F0AED0003A676 /* PTRSSFeedDetailViewController.xib */ = {isa = PBXFileReference; fileEncoding = 4; lastKnownFileType = file.xib; path = PTRSSFeedDetailViewController.xib; sourceTree = "<group>"; };
/* End PBXFileReference section */

/* Begin PBXFrameworksBuildPhase section */
		B91006321F4D9477009F7EB5 /* Frameworks */ = {
			isa = PBXFrameworksBuildPhase;
			buildActionMask = 2147483647;
			files = (
			);
			runOnlyForDeploymentPostprocessing = 0;
		};
/* End PBXFrameworksBuildPhase section */

/* Begin PBXGroup section */
		B910062C1F4D9477009F7EB5 = {
			isa = PBXGroup;
			children = (
				B91006371F4D9477009F7EB5 /* ProgressTask */,
				B91006361F4D9477009F7EB5 /* Products */,
			);
			sourceTree = "<group>";
		};
		B91006361F4D9477009F7EB5 /* Products */ = {
			isa = PBXGroup;
			children = (
				B91006351F4D9477009F7EB5 /* ProgressTask.app */,
			);
			name = Products;
			sourceTree = "<group>";
		};
		B91006371F4D9477009F7EB5 /* ProgressTask */ = {
			isa = PBXGroup;
			children = (
				B91006381F4D9477009F7EB5 /* PTAppDelegate.swift */,
				B910064E1F4D94E7009F7EB5 /* Managers */,
				B910064A1F4D94CC009F7EB5 /* CustomViews */,
				B910064B1F4D94CC009F7EB5 /* Models */,
				B910064C1F4D94CC009F7EB5 /* Utils */,
				B910064D1F4D94CC009F7EB5 /* ViewControllers */,
				B910063F1F4D9478009F7EB5 /* Assets.xcassets */,
				B91006411F4D9478009F7EB5 /* LaunchScreen.storyboard */,
				B91006441F4D9478009F7EB5 /* Info.plist */,
			);
			path = ProgressTask;
			sourceTree = "<group>";
		};
		B910064A1F4D94CC009F7EB5 /* CustomViews */ = {
			isa = PBXGroup;
			children = (
			);
			path = CustomViews;
			sourceTree = "<group>";
		};
		B910064B1F4D94CC009F7EB5 /* Models */ = {
			isa = PBXGroup;
			children = (
				B91006511F4D9595009F7EB5 /* PTUserData.swift */,
				B91006531F4D95C7009F7EB5 /* PTRSSFeedData.swift */,
			);
			path = Models;
			sourceTree = "<group>";
		};
		B910064C1F4D94CC009F7EB5 /* Utils */ = {
			isa = PBXGroup;
			children = (
			);
			path = Utils;
			sourceTree = "<group>";
		};
		B910064D1F4D94CC009F7EB5 /* ViewControllers */ = {
			isa = PBXGroup;
			children = (
				B91006551F4DA7CE009F7EB5 /* PTLoginViewController.swift */,
				B91006561F4DA7CE009F7EB5 /* PTLoginViewController.xib */,
				B93DD1E81F4F0AAE0003A676 /* PTRSSFeedBaseViewController.swift */,
				B93DD1EA1F4F0AD60003A676 /* PTRSSFeedViewController.swift */,
				B93DD1EB1F4F0AD60003A676 /* PTRSSFeedViewController.xib */,
				B93DD1EE1F4F0AED0003A676 /* PTRSSFeedDetailViewController.swift */,
				B93DD1EF1F4F0AED0003A676 /* PTRSSFeedDetailViewController.xib */,
			);
			path = ViewControllers;
			sourceTree = "<group>";
		};
		B910064E1F4D94E7009F7EB5 /* Managers */ = {
			isa = PBXGroup;
			children = (
				B910064F1F4D9563009F7EB5 /* PTRequestApiManager.swift */,
				B93DD1E41F4EDF5E0003A676 /* PTRSSDataManager.swift */,
			);
			path = Managers;
			sourceTree = "<group>";
		};
/* End PBXGroup section */

/* Begin PBXNativeTarget section */
		B91006341F4D9477009F7EB5 /* ProgressTask */ = {
			isa = PBXNativeTarget;
			buildConfigurationList = B91006471F4D9478009F7EB5 /* Build configuration list for PBXNativeTarget "ProgressTask" */;
			buildPhases = (
				B91006311F4D9477009F7EB5 /* Sources */,
				B91006321F4D9477009F7EB5 /* Frameworks */,
				B91006331F4D9477009F7EB5 /* Resources */,
			);
			buildRules = (
			);
			dependencies = (
			);
			name = ProgressTask;
			productName = ProgressTask;
			productReference = B91006351F4D9477009F7EB5 /* ProgressTask.app */;
			productType = "com.apple.product-type.application";
		};
/* End PBXNativeTarget section */

/* Begin PBXProject section */
		B910062D1F4D9477009F7EB5 /* Project object */ = {
			isa = PBXProject;
			attributes = {
				LastSwiftUpdateCheck = 0830;
				LastUpgradeCheck = 0830;
				ORGANIZATIONNAME = "Mishra, Anu (US - Mumbai)";
				TargetAttributes = {
					B91006341F4D9477009F7EB5 = {
						CreatedOnToolsVersion = 8.3.3;
						ProvisioningStyle = Automatic;
					};
				};
			};
			buildConfigurationList = B91006301F4D9477009F7EB5 /* Build configuration list for PBXProject "ProgressTask" */;
			compatibilityVersion = "Xcode 3.2";
			developmentRegion = English;
			hasScannedForEncodings = 0;
			knownRegions = (
				en,
				Base,
			);
			mainGroup = B910062C1F4D9477009F7EB5;
			productRefGroup = B91006361F4D9477009F7EB5 /* Products */;
			projectDirPath = "";
			projectRoot = "";
			targets = (
				B91006341F4D9477009F7EB5 /* ProgressTask */,
			);
		};
/* End PBXProject section */

/* Begin PBXResourcesBuildPhase section */
		B91006331F4D9477009F7EB5 /* Resources */ = {
			isa = PBXResourcesBuildPhase;
			buildActionMask = 2147483647;
			files = (
				B91006431F4D9478009F7EB5 /* LaunchScreen.storyboard in Resources */,
				B91006401F4D9478009F7EB5 /* Assets.xcassets in Resources */,
				B91006581F4DA7CE009F7EB5 /* PTLoginViewController.xib in Resources */,
				B93DD1ED1F4F0AD60003A676 /* PTRSSFeedViewController.xib in Resources */,
				B93DD1F11F4F0AED0003A676 /* PTRSSFeedDetailViewController.xib in Resources */,
			);
			runOnlyForDeploymentPostprocessing = 0;
		};
/* End PBXResourcesBuildPhase section */

/* Begin PBXSourcesBuildPhase section */
		B91006311F4D9477009F7EB5 /* Sources */ = {
			isa = PBXSourcesBuildPhase;
			buildActionMask = 2147483647;
			files = (
				B91006571F4DA7CE009F7EB5 /* PTLoginViewController.swift in Sources */,
				B93DD1F01F4F0AED0003A676 /* PTRSSFeedDetailViewController.swift in Sources */,
				B91006541F4D95C7009F7EB5 /* PTRSSFeedData.swift in Sources */,
				B91006501F4D9563009F7EB5 /* PTRequestApiManager.swift in Sources */,
				B91006391F4D9477009F7EB5 /* PTAppDelegate.swift in Sources */,
				B93DD1E51F4EDF5E0003A676 /* PTRSSDataManager.swift in Sources */,
				B91006521F4D9595009F7EB5 /* PTUserData.swift in Sources */,
				B93DD1E91F4F0AAE0003A676 /* PTRSSFeedBaseViewController.swift in Sources */,
				B93DD1EC1F4F0AD60003A676 /* PTRSSFeedViewController.swift in Sources */,
			);
			runOnlyForDeploymentPostprocessing = 0;
		};
/* End PBXSourcesBuildPhase section */

/* Begin PBXVariantGroup section */
		B91006411F4D9478009F7EB5 /* LaunchScreen.storyboard */ = {
			isa = PBXVariantGroup;
			children = (
				B91006421F4D9478009F7EB5 /* Base */,
			);
			name = LaunchScreen.storyboard;
			sourceTree = "<group>";
		};
/* End PBXVariantGroup section */

/* Begin XCBuildConfiguration section */
		B91006451F4D9478009F7EB5 /* Debug */ = {
			isa = XCBuildConfiguration;
			buildSettings = {
				ALWAYS_SEARCH_USER_PATHS = NO;
				CLANG_ANALYZER_NONNULL = YES;
				CLANG_ANALYZER_NUMBER_OBJECT_CONVERSION = YES_AGGRESSIVE;
				CLANG_CXX_LANGUAGE_STANDARD = "gnu++0x";
				CLANG_CXX_LIBRARY = "libc++";
				CLANG_ENABLE_MODULES = YES;
				CLANG_ENABLE_OBJC_ARC = YES;
				CLANG_WARN_BOOL_CONVERSION = YES;
				CLANG_WARN_CONSTANT_CONVERSION = YES;
				CLANG_WARN_DIRECT_OBJC_ISA_USAGE = YES_ERROR;
				CLANG_WARN_DOCUMENTATION_COMMENTS = YES;
				CLANG_WARN_EMPTY_BODY = YES;
				CLANG_WARN_ENUM_CONVERSION = YES;
				CLANG_WARN_INFINITE_RECURSION = YES;
				CLANG_WARN_INT_CONVERSION = YES;
				CLANG_WARN_OBJC_ROOT_CLASS = YES_ERROR;
				CLANG_WARN_SUSPICIOUS_MOVE = YES;
				CLANG_WARN_UNREACHABLE_CODE = YES;
				CLANG_WARN__DUPLICATE_METHOD_MATCH = YES;
				"CODE_SIGN_IDENTITY[sdk=iphoneos*]" = "iPhone Developer";
				COPY_PHASE_STRIP = NO;
				DEBUG_INFORMATION_FORMAT = dwarf;
				ENABLE_STRICT_OBJC_MSGSEND = YES;
				ENABLE_TESTABILITY = YES;
				GCC_C_LANGUAGE_STANDARD = gnu99;
				GCC_DYNAMIC_NO_PIC = NO;
				GCC_NO_COMMON_BLOCKS = YES;
				GCC_OPTIMIZATION_LEVEL = 0;
				GCC_PREPROCESSOR_DEFINITIONS = (
					"DEBUG=1",
					"$(inherited)",
				);
				GCC_WARN_64_TO_32_BIT_CONVERSION = YES;
				GCC_WARN_ABOUT_RETURN_TYPE = YES_ERROR;
				GCC_WARN_UNDECLARED_SELECTOR = YES;
				GCC_WARN_UNINITIALIZED_AUTOS = YES_AGGRESSIVE;
				GCC_WARN_UNUSED_FUNCTION = YES;
				GCC_WARN_UNUSED_VARIABLE = YES;
				IPHONEOS_DEPLOYMENT_TARGET = 10.3;
				MTL_ENABLE_DEBUG_INFO = YES;
				ONLY_ACTIVE_ARCH = YES;
				SDKROOT = iphoneos;
				SWIFT_ACTIVE_COMPILATION_CONDITIONS = DEBUG;
				SWIFT_OPTIMIZATION_LEVEL = "-Onone";
				TARGETED_DEVICE_FAMILY = "1,2";
			};
			name = Debug;
		};
		B91006461F4D9478009F7EB5 /* Release */ = {
			isa = XCBuildConfiguration;
			buildSettings = {
				ALWAYS_SEARCH_USER_PATHS = NO;
				CLANG_ANALYZER_NONNULL = YES;
				CLANG_ANALYZER_NUMBER_OBJECT_CONVERSION = YES_AGGRESSIVE;
				CLANG_CXX_LANGUAGE_STANDARD = "gnu++0x";
				CLANG_CXX_LIBRARY = "libc++";
				CLANG_ENABLE_MODULES = YES;
				CLANG_ENABLE_OBJC_ARC = YES;
				CLANG_WARN_BOOL_CONVERSION = YES;
				CLANG_WARN_CONSTANT_CONVERSION = YES;
				CLANG_WARN_DIRECT_OBJC_ISA_USAGE = YES_ERROR;
				CLANG_WARN_DOCUMENTATION_COMMENTS = YES;
				CLANG_WARN_EMPTY_BODY = YES;
				CLANG_WARN_ENUM_CONVERSION = YES;
				CLANG_WARN_INFINITE_RECURSION = YES;
				CLANG_WARN_INT_CONVERSION = YES;
				CLANG_WARN_OBJC_ROOT_CLASS = YES_ERROR;
				CLANG_WARN_SUSPICIOUS_MOVE = YES;
				CLANG_WARN_UNREACHABLE_CODE = YES;
				CLANG_WARN__DUPLICATE_METHOD_MATCH = YES;
				"CODE_SIGN_IDENTITY[sdk=iphoneos*]" = "iPhone Developer";
				COPY_PHASE_STRIP = NO;
				DEBUG_INFORMATION_FORMAT = "dwarf-with-dsym";
				ENABLE_NS_ASSERTIONS = NO;
				ENABLE_STRICT_OBJC_MSGSEND = YES;
				GCC_C_LANGUAGE_STANDARD = gnu99;
				GCC_NO_COMMON_BLOCKS = YES;
				GCC_WARN_64_TO_32_BIT_CONVERSION = YES;
				GCC_WARN_ABOUT_RETURN_TYPE = YES_ERROR;
				GCC_WARN_UNDECLARED_SELECTOR = YES;
				GCC_WARN_UNINITIALIZED_AUTOS = YES_AGGRESSIVE;
				GCC_WARN_UNUSED_FUNCTION = YES;
				GCC_WARN_UNUSED_VARIABLE = YES;
				IPHONEOS_DEPLOYMENT_TARGET = 10.3;
				MTL_ENABLE_DEBUG_INFO = NO;
				SDKROOT = iphoneos;
				SWIFT_OPTIMIZATION_LEVEL = "-Owholemodule";
				TARGETED_DEVICE_FAMILY = "1,2";
				VALIDATE_PRODUCT = YES;
			};
			name = Release;
		};
		B91006481F4D9478009F7EB5 /* Debug */ = {
			isa = XCBuildConfiguration;
			buildSettings = {
				ASSETCATALOG_COMPILER_APPICON_NAME = AppIcon;
				INFOPLIST_FILE = ProgressTask/Info.plist;
				LD_RUNPATH_SEARCH_PATHS = "$(inherited) @executable_path/Frameworks";
				PRODUCT_BUNDLE_IDENTIFIER = "Anu-ShaktiNath-Mishra.ProgressTask";
				PRODUCT_NAME = "$(TARGET_NAME)";
				SWIFT_VERSION = 3.0;
			};
			name = Debug;
		};
		B91006491F4D9478009F7EB5 /* Release */ = {
			isa = XCBuildConfiguration;
			buildSettings = {
				ASSETCATALOG_COMPILER_APPICON_NAME = AppIcon;
				INFOPLIST_FILE = ProgressTask/Info.plist;
				LD_RUNPATH_SEARCH_PATHS = "$(inherited) @executable_path/Frameworks";
				PRODUCT_BUNDLE_IDENTIFIER = "Anu-ShaktiNath-Mishra.ProgressTask";
				PRODUCT_NAME = "$(TARGET_NAME)";
				SWIFT_VERSION = 3.0;
			};
			name = Release;
		};
/* End XCBuildConfiguration section */

/* Begin XCConfigurationList section */
		B91006301F4D9477009F7EB5 /* Build configuration list for PBXProject "ProgressTask" */ = {
			isa = XCConfigurationList;
			buildConfigurations = (
				B91006451F4D9478009F7EB5 /* Debug */,
				B91006461F4D9478009F7EB5 /* Release */,
			);
			defaultConfigurationIsVisible = 0;
			defaultConfigurationName = Release;
		};
		B91006471F4D9478009F7EB5 /* Build configuration list for PBXNativeTarget "ProgressTask" */ = {
			isa = XCConfigurationList;
			buildConfigurations = (
				B91006481F4D9478009F7EB5 /* Debug */,
				B91006491F4D9478009F7EB5 /* Release */,
			);
			defaultConfigurationIsVisible = 0;
			defaultConfigurationName = Release;
		};
/* End XCConfigurationList section */
	};
	rootObject = B910062D1F4D9477009F7EB5 /* Project object */;
}
